
Microsoft Visual Studio Solution File, Format Version 12.00
# Visual Studio Version 16
VisualStudioVersion = 16.0.28803.202
MinimumVisualStudioVersion = 10.0.40219.1
Project("{9A19103F-16F7-4668-BE54-9A1E7A4F7556}") = "EventRegistration", "Web\EventRegistration.csproj", "{97B2BDAE-40F7-4452-8428-5496A6376D8B}"
EndProject
Project("{6EC3EE1D-3C4E-46DD-8F32-0CC8E7565705}") = "EventData", "EventData\EventData.fsproj", "{0E0C8058-8FE5-425D-A2F5-23C07096AB3D}"
EndProject
Project("{9A19103F-16F7-4668-BE54-9A1E7A4F7556}") = "EventModels", "EventModels\EventModels.csproj", "{DBF4A262-252B-43D5-BEA6-5BFF923F2258}"
EndProject
Project("{9A19103F-16F7-4668-BE54-9A1E7A4F7556}") = "EventRepository", "EventRepository\EventRepository.csproj", "{4583E19C-1B99-424D-9038-16235F5F90ED}"
EndProject
Project("{9A19103F-16F7-4668-BE54-9A1E7A4F7556}") = "UnitTests", "UnitTests\UnitTests.csproj", "{BE242DC8-6FC3-4ADE-A8FE-2ABDFFEF82AD}"
EndProject
Project("{2150E333-8FDC-42A3-9474-1A3956D46DE8}") = "SolutionItems", "SolutionItems", "{AC165E10-516F-4955-A0BA-2A5509219BFE}"
	ProjectSection(SolutionItems) = preProject
		README.md = README.md
	EndProjectSection
EndProject
Global
	GlobalSection(SolutionConfigurationPlatforms) = preSolution
		Debug|Any CPU = Debug|Any CPU
		Release|Any CPU = Release|Any CPU
	EndGlobalSection
	GlobalSection(ProjectConfigurationPlatforms) = postSolution
		{97B2BDAE-40F7-4452-8428-5496A6376D8B}.Debug|Any CPU.ActiveCfg = Debug|Any CPU
		{97B2BDAE-40F7-4452-8428-5496A6376D8B}.Debug|Any CPU.Build.0 = Debug|Any CPU
		{97B2BDAE-40F7-4452-8428-5496A6376D8B}.Release|Any CPU.ActiveCfg = Release|Any CPU
		{97B2BDAE-40F7-4452-8428-5496A6376D8B}.Release|Any CPU.Build.0 = Release|Any CPU
		{0E0C8058-8FE5-425D-A2F5-23C07096AB3D}.Debug|Any CPU.ActiveCfg = Debug|Any CPU
		{0E0C8058-8FE5-425D-A2F5-23C07096AB3D}.Debug|Any CPU.Build.0 = Debug|Any CPU
		{0E0C8058-8FE5-425D-A2F5-23C07096AB3D}.Release|Any CPU.ActiveCfg = Release|Any CPU
		{0E0C8058-8FE5-425D-A2F5-23C07096AB3D}.Release|Any CPU.Build.0 = Release|Any CPU
		{DBF4A262-252B-43D5-BEA6-5BFF923F2258}.Debug|Any CPU.ActiveCfg = Debug|Any CPU
		{DBF4A262-252B-43D5-BEA6-5BFF923F2258}.Debug|Any CPU.Build.0 = Debug|Any CPU
		{DBF4A262-252B-43D5-BEA6-5BFF923F2258}.Release|Any CPU.ActiveCfg = Release|Any CPU
		{DBF4A262-252B-43D5-BEA6-5BFF923F2258}.Release|Any CPU.Build.0 = Release|Any CPU
		{4583E19C-1B99-424D-9038-16235F5F90ED}.Debug|Any CPU.ActiveCfg = Debug|Any CPU
		{4583E19C-1B99-424D-9038-16235F5F90ED}.Debug|Any CPU.Build.0 = Debug|Any CPU
		{4583E19C-1B99-424D-9038-16235F5F90ED}.Release|Any CPU.ActiveCfg = Release|Any CPU
		{4583E19C-1B99-424D-9038-16235F5F90ED}.Release|Any CPU.Build.0 = Release|Any CPU
		{BE242DC8-6FC3-4ADE-A8FE-2ABDFFEF82AD}.Debug|Any CPU.ActiveCfg = Debug|Any CPU
		{BE242DC8-6FC3-4ADE-A8FE-2ABDFFEF82AD}.Debug|Any CPU.Build.0 = Debug|Any CPU
		{BE242DC8-6FC3-4ADE-A8FE-2ABDFFEF82AD}.Release|Any CPU.ActiveCfg = Release|Any CPU
		{BE242DC8-6FC3-4ADE-A8FE-2ABDFFEF82AD}.Release|Any CPU.Build.0 = Release|Any CPU
	EndGlobalSection
	GlobalSection(SolutionProperties) = preSolution
		HideSolutionNode = FALSE
	EndGlobalSection
	GlobalSection(ExtensibilityGlobals) = postSolution
		SolutionGuid = {6F11FAEE-4B7A-46AD-A3B9-FCCA92E60AEB}
	EndGlobalSection
EndGlobal
